{
  "requires": true,
  "lockfileVersion": 1,
  "dependencies": {
    "axios": {
      "version": "0.10.0",
      "resolved": "https://registry.npmjs.org/axios/-/axios-0.10.0.tgz",
      "integrity": "sha1-Ww7A1ftT55uYt7+EwOmxz5Av38Q=",
      "requires": {
        "follow-redirects": "0.0.7"
      }
    },
    "debug": {
      "version": "2.6.9",
      "resolved": "https://registry.npmjs.org/debug/-/debug-2.6.9.tgz",
      "integrity": "sha512-bC7ElrdJaJnPbAP+1EotYvqZsb3ecl5wi6Bfi6BJTUcNowp6cvspg0jXznRTKDjm/E7AdgFBVeAPVMNcKGsHMA==",
      "requires": {
        "ms": "2.0.0"
      }
    },
    "es6-promise": {
      "version": "3.3.1",
      "resolved": "https://registry.npmjs.org/es6-promise/-/es6-promise-3.3.1.tgz",
      "integrity": "sha1-oIzd6EzNvzTQJ6FFG8kdS80ophM="
    },
    "follow-redirects": {
      "version": "0.0.7",
      "resolved": "https://registry.npmjs.org/follow-redirects/-/follow-redirects-0.0.7.tgz",
      "integrity": "sha1-NLkLqyqRGqNHVx2pDyK9NuzYqRk=",
      "requires": {
        "debug": "2.6.9",
        "stream-consume": "0.1.1"
      }
    },
    "js-base64": {
      "version": "2.4.3",
      "resolved": "https://registry.npmjs.org/js-base64/-/js-base64-2.4.3.tgz",
      "integrity": "sha512-H7ErYLM34CvDMto3GbD6xD0JLUGYXR3QTcH6B/tr4Hi/QpSThnCsIp+Sy5FRTw3B0d6py4HcNkW7nO/wdtGWEw=="
    },
    "ms": {
      "version": "2.0.0",
      "resolved": "https://registry.npmjs.org/ms/-/ms-2.0.0.tgz",
      "integrity": "sha1-VgiurfwAvmwpAd9fmGF4jeDVl8g="
    },
    "starling-developer-sdk": {
      "version": "0.1.11",
      "resolved": "https://registry.npmjs.org/starling-developer-sdk/-/starling-developer-sdk-0.1.11.tgz",
      "integrity": "sha512-0xU+YR+X2Ai8JwWDHyt5rRw3DuDdpfRF8HwrOrErUJryAMdJo53WkPBQ0+o58r0xxFXwkURKSmy5ETmFjzUIPg==",
      "requires": {
        "axios": "0.10.0",
        "debug": "2.6.9",
        "es6-promise": "3.3.1",
        "js-base64": "2.4.3",
        "utf8": "2.1.2"
      }
    },
    "stream-consume": {
      "version": "0.1.1",
      "resolved": "https://registry.npmjs.org/stream-consume/-/stream-consume-0.1.1.tgz",
      "integrity": "sha512-tNa3hzgkjEP7XbCkbRXe1jpg+ievoa0O4SCFlMOYEscGSS4JJsckGL8swUyAa/ApGU3Ae4t6Honor4HhL+tRyg=="
    },
    "utf8": {
      "version": "2.1.2",
      "resolved": "https://registry.npmjs.org/utf8/-/utf8-2.1.2.tgz",
      "integrity": "sha1-H6DZJw6b6FDZsFAn9jUZv0ZFfZY="
    }
  }
}
